github.com/wade-rees-me/striker-go/constants v0.0.0-20240528171159-05ac15d44bd7 h1:zeFxBrn2EbD8fbNk5BPix9mv3C4gqm/dQveDcl9ZgLc=
github.com/wade-rees-me/striker-go/constants v0.0.0-20240528171159-05ac15d44bd7/go.mod h1:nVYok3sf8YykaCJxBWDh+Hf1F9OKyf5Z6jFSUfJFbi0=
github.com/wade-rees-me/striker-go/utilities v0.0.0-20240528171159-05ac15d44bd7 h1:VIeZwEih7Xmxo7bHJv9jp4OhJcbbvzNYqTXBq+mA8Qs=
github.com/wade-rees-me/striker-go/utilities v0.0.0-20240528171159-05ac15d44bd7/go.mod h1:QwkndhgJYqlvT6zuNLUQA/xW2DuJr+lCaO5dqKVgduk=
